
Microsoft Visual Studio Solution File, Format Version 12.00
# Visual Studio Version 17
VisualStudioVersion = 17.7.34031.279
MinimumVisualStudioVersion = 10.0.40219.1
Project("{9A19103F-16F7-4668-BE54-9A1E7A4F7556}") = "Splendor_Game_Server", "Splendor_Game_Server\Splendor_Game_Server.csproj", "{BFB01168-DFDF-4BAF-9A37-1431880EC1D1}"
EndProject
Project("{FAE04EC0-301F-11D3-BF4B-00C04F79EFBC}") = "CleanArchitecture.Domain", "CleanArchitecture.Domain\CleanArchitecture.Domain.csproj", "{1BA90641-5816-4F2B-99A9-FB67087CB31C}"
EndProject
Project("{FAE04EC0-301F-11D3-BF4B-00C04F79EFBC}") = "CleanArchitecture.Application", "CleanArchitecture.Application\CleanArchitecture.Application.csproj", "{C0317103-D8AD-4606-B969-C3BB84F01238}"
EndProject
Project("{FAE04EC0-301F-11D3-BF4B-00C04F79EFBC}") = "CleanArchitecture.Infrastructure", "CleanArchitecture.Infrastructure\CleanArchitecture.Infrastructure.csproj", "{F3C6BA3F-8E59-4FC5-ABF0-545D1D85BD70}"
EndProject
Global
	GlobalSection(SolutionConfigurationPlatforms) = preSolution
		Debug|Any CPU = Debug|Any CPU
		Release|Any CPU = Release|Any CPU
	EndGlobalSection
	GlobalSection(ProjectConfigurationPlatforms) = postSolution
		{BFB01168-DFDF-4BAF-9A37-1431880EC1D1}.Debug|Any CPU.ActiveCfg = Debug|Any CPU
		{BFB01168-DFDF-4BAF-9A37-1431880EC1D1}.Debug|Any CPU.Build.0 = Debug|Any CPU
		{BFB01168-DFDF-4BAF-9A37-1431880EC1D1}.Release|Any CPU.ActiveCfg = Release|Any CPU
		{BFB01168-DFDF-4BAF-9A37-1431880EC1D1}.Release|Any CPU.Build.0 = Release|Any CPU
		{1BA90641-5816-4F2B-99A9-FB67087CB31C}.Debug|Any CPU.ActiveCfg = Debug|Any CPU
		{1BA90641-5816-4F2B-99A9-FB67087CB31C}.Debug|Any CPU.Build.0 = Debug|Any CPU
		{1BA90641-5816-4F2B-99A9-FB67087CB31C}.Release|Any CPU.ActiveCfg = Release|Any CPU
		{1BA90641-5816-4F2B-99A9-FB67087CB31C}.Release|Any CPU.Build.0 = Release|Any CPU
		{C0317103-D8AD-4606-B969-C3BB84F01238}.Debug|Any CPU.ActiveCfg = Debug|Any CPU
		{C0317103-D8AD-4606-B969-C3BB84F01238}.Debug|Any CPU.Build.0 = Debug|Any CPU
		{C0317103-D8AD-4606-B969-C3BB84F01238}.Release|Any CPU.ActiveCfg = Release|Any CPU
		{C0317103-D8AD-4606-B969-C3BB84F01238}.Release|Any CPU.Build.0 = Release|Any CPU
		{F3C6BA3F-8E59-4FC5-ABF0-545D1D85BD70}.Debug|Any CPU.ActiveCfg = Debug|Any CPU
		{F3C6BA3F-8E59-4FC5-ABF0-545D1D85BD70}.Debug|Any CPU.Build.0 = Debug|Any CPU
		{F3C6BA3F-8E59-4FC5-ABF0-545D1D85BD70}.Release|Any CPU.ActiveCfg = Release|Any CPU
		{F3C6BA3F-8E59-4FC5-ABF0-545D1D85BD70}.Release|Any CPU.Build.0 = Release|Any CPU
	EndGlobalSection
	GlobalSection(SolutionProperties) = preSolution
		HideSolutionNode = FALSE
	EndGlobalSection
	GlobalSection(ExtensibilityGlobals) = postSolution
		SolutionGuid = {75E4D2BD-EE32-4DAE-8037-9E8F0074F4BA}
	EndGlobalSection
EndGlobal
